
Microsoft Visual Studio Solution File, Format Version 12.00
# Visual Studio Version 17
VisualStudioVersion = 17.11.35208.52
MinimumVisualStudioVersion = 10.0.40219.1
Project("{FAE04EC0-301F-11D3-BF4B-00C04F79EFBC}") = "Тестовое", "Тестовое\Тестовое.csproj", "{0FAFA5CB-111B-479A-A3A1-2AB4324F7AD3}"
EndProject
Project("{FAE04EC0-301F-11D3-BF4B-00C04F79EFBC}") = "Тестовое_2", "Тестовое_2\Тестовое_2.csproj", "{91D3F3A8-1B2F-47E4-8D3F-457EE2DB635F}"
EndProject
Project("{FAE04EC0-301F-11D3-BF4B-00C04F79EFBC}") = "Контрольное_задание_1", "Контрольное_задание_1\Контрольное_задание_1.csproj", "{B31C2FC2-7D7A-41E0-96B6-F04F79F9DA34}"
EndProject
Project("{FAE04EC0-301F-11D3-BF4B-00C04F79EFBC}") = "Контрольное_задание_2", "Контрольное_задание_2\Контрольное_задание_2.csproj", "{9D9CD9CE-6E9C-471E-ABEE-C24704890C3A}"
EndProject
Global
	GlobalSection(SolutionConfigurationPlatforms) = preSolution
		Debug|Any CPU = Debug|Any CPU
		Release|Any CPU = Release|Any CPU
	EndGlobalSection
	GlobalSection(ProjectConfigurationPlatforms) = postSolution
		{0FAFA5CB-111B-479A-A3A1-2AB4324F7AD3}.Debug|Any CPU.ActiveCfg = Debug|Any CPU
		{0FAFA5CB-111B-479A-A3A1-2AB4324F7AD3}.Debug|Any CPU.Build.0 = Debug|Any CPU
		{0FAFA5CB-111B-479A-A3A1-2AB4324F7AD3}.Release|Any CPU.ActiveCfg = Release|Any CPU
		{0FAFA5CB-111B-479A-A3A1-2AB4324F7AD3}.Release|Any CPU.Build.0 = Release|Any CPU
		{91D3F3A8-1B2F-47E4-8D3F-457EE2DB635F}.Debug|Any CPU.ActiveCfg = Debug|Any CPU
		{91D3F3A8-1B2F-47E4-8D3F-457EE2DB635F}.Debug|Any CPU.Build.0 = Debug|Any CPU
		{91D3F3A8-1B2F-47E4-8D3F-457EE2DB635F}.Release|Any CPU.ActiveCfg = Release|Any CPU
		{91D3F3A8-1B2F-47E4-8D3F-457EE2DB635F}.Release|Any CPU.Build.0 = Release|Any CPU
		{B31C2FC2-7D7A-41E0-96B6-F04F79F9DA34}.Debug|Any CPU.ActiveCfg = Debug|Any CPU
		{B31C2FC2-7D7A-41E0-96B6-F04F79F9DA34}.Debug|Any CPU.Build.0 = Debug|Any CPU
		{B31C2FC2-7D7A-41E0-96B6-F04F79F9DA34}.Release|Any CPU.ActiveCfg = Release|Any CPU
		{B31C2FC2-7D7A-41E0-96B6-F04F79F9DA34}.Release|Any CPU.Build.0 = Release|Any CPU
		{9D9CD9CE-6E9C-471E-ABEE-C24704890C3A}.Debug|Any CPU.ActiveCfg = Debug|Any CPU
		{9D9CD9CE-6E9C-471E-ABEE-C24704890C3A}.Debug|Any CPU.Build.0 = Debug|Any CPU
		{9D9CD9CE-6E9C-471E-ABEE-C24704890C3A}.Release|Any CPU.ActiveCfg = Release|Any CPU
		{9D9CD9CE-6E9C-471E-ABEE-C24704890C3A}.Release|Any CPU.Build.0 = Release|Any CPU
	EndGlobalSection
	GlobalSection(SolutionProperties) = preSolution
		HideSolutionNode = FALSE
	EndGlobalSection
	GlobalSection(ExtensibilityGlobals) = postSolution
		SolutionGuid = {F4E0E295-E80E-44FB-86BE-78896357EB88}
	EndGlobalSection
EndGlobal
